// !$*UTF8*$!
{
	archiveVersion = 1;
	classes = {
	};
	objectVersion = 50;
	objects = {

/* Begin PBXBuildFile section */
		E934952824D34BA500560546 /* AppDelegate.swift in Sources */ = {isa = PBXBuildFile; fileRef = E934952724D34BA500560546 /* AppDelegate.swift */; };
		E934952A24D34BA500560546 /* SceneDelegate.swift in Sources */ = {isa = PBXBuildFile; fileRef = E934952924D34BA500560546 /* SceneDelegate.swift */; };
		E934952C24D34BA500560546 /* ViewController.swift in Sources */ = {isa = PBXBuildFile; fileRef = E934952B24D34BA500560546 /* ViewController.swift */; };
		E934952F24D34BA500560546 /* Main.storyboard in Resources */ = {isa = PBXBuildFile; fileRef = E934952D24D34BA500560546 /* Main.storyboard */; };
		E934953124D34BA800560546 /* Assets.xcassets in Resources */ = {isa = PBXBuildFile; fileRef = E934953024D34BA800560546 /* Assets.xcassets */; };
		E934953424D34BA800560546 /* LaunchScreen.storyboard in Resources */ = {isa = PBXBuildFile; fileRef = E934953224D34BA800560546 /* LaunchScreen.storyboard */; };
		E934953D24D34EE600560546 /* NotificationDelegate.swift in Sources */ = {isa = PBXBuildFile; fileRef = E934953C24D34EE600560546 /* NotificationDelegate.swift */; };
		E934954524D3573C00560546 /* NotificationService.swift in Sources */ = {isa = PBXBuildFile; fileRef = E934954424D3573C00560546 /* NotificationService.swift */; };
		E934954924D3573C00560546 /* NotificationService.appex in Embed App Extensions */ = {isa = PBXBuildFile; fileRef = E934954224D3573C00560546 /* NotificationService.appex */; settings = {ATTRIBUTES = (RemoveHeadersOnCopy, ); }; };
/* End PBXBuildFile section */

/* Begin PBXContainerItemProxy section */
		E934954724D3573C00560546 /* PBXContainerItemProxy */ = {
			isa = PBXContainerItemProxy;
			containerPortal = E934951C24D34BA500560546 /* Project object */;
			proxyType = 1;
			remoteGlobalIDString = E934954124D3573C00560546;
			remoteInfo = NotificationService;
		};
/* End PBXContainerItemProxy section */

/* Begin PBXCopyFilesBuildPhase section */
		E934954D24D3573C00560546 /* Embed App Extensions */ = {
			isa = PBXCopyFilesBuildPhase;
			buildActionMask = 2147483647;
			dstPath = "";
			dstSubfolderSpec = 13;
			files = (
				E934954924D3573C00560546 /* NotificationService.appex in Embed App Extensions */,
			);
			name = "Embed App Extensions";
			runOnlyForDeploymentPostprocessing = 0;
		};
/* End PBXCopyFilesBuildPhase section */

/* Begin PBXFileReference section */
		E934952424D34BA500560546 /* Openly.app */ = {isa = PBXFileReference; explicitFileType = wrapper.application; includeInIndex = 0; path = Openly.app; sourceTree = BUILT_PRODUCTS_DIR; };
		E934952724D34BA500560546 /* AppDelegate.swift */ = {isa = PBXFileReference; lastKnownFileType = sourcecode.swift; path = AppDelegate.swift; sourceTree = "<group>"; };
		E934952924D34BA500560546 /* SceneDelegate.swift */ = {isa = PBXFileReference; lastKnownFileType = sourcecode.swift; path = SceneDelegate.swift; sourceTree = "<group>"; };
		E934952B24D34BA500560546 /* ViewController.swift */ = {isa = PBXFileReference; lastKnownFileType = sourcecode.swift; path = ViewController.swift; sourceTree = "<group>"; };
		E934952E24D34BA500560546 /* Base */ = {isa = PBXFileReference; lastKnownFileType = file.storyboard; name = Base; path = Base.lproj/Main.storyboard; sourceTree = "<group>"; };
		E934953024D34BA800560546 /* Assets.xcassets */ = {isa = PBXFileReference; lastKnownFileType = folder.assetcatalog; path = Assets.xcassets; sourceTree = "<group>"; };
		E934953324D34BA800560546 /* Base */ = {isa = PBXFileReference; lastKnownFileType = file.storyboard; name = Base; path = Base.lproj/LaunchScreen.storyboard; sourceTree = "<group>"; };
		E934953524D34BA800560546 /* Info.plist */ = {isa = PBXFileReference; lastKnownFileType = text.plist.xml; path = Info.plist; sourceTree = "<group>"; };
		E934953B24D34BBD00560546 /* Openly.entitlements */ = {isa = PBXFileReference; lastKnownFileType = text.plist.entitlements; path = Openly.entitlements; sourceTree = "<group>"; };
		E934953C24D34EE600560546 /* NotificationDelegate.swift */ = {isa = PBXFileReference; lastKnownFileType = sourcecode.swift; path = NotificationDelegate.swift; sourceTree = "<group>"; };
		E934954224D3573C00560546 /* NotificationService.appex */ = {isa = PBXFileReference; explicitFileType = "wrapper.app-extension"; includeInIndex = 0; path = NotificationService.appex; sourceTree = BUILT_PRODUCTS_DIR; };
		E934954424D3573C00560546 /* NotificationService.swift */ = {isa = PBXFileReference; lastKnownFileType = sourcecode.swift; path = NotificationService.swift; sourceTree = "<group>"; };
		E934954624D3573C00560546 /* Info.plist */ = {isa = PBXFileReference; lastKnownFileType = text.plist.xml; path = Info.plist; sourceTree = "<group>"; };
		E934954E24D3579500560546 /* NotificationService.entitlements */ = {isa = PBXFileReference; lastKnownFileType = text.plist.entitlements; path = NotificationService.entitlements; sourceTree = "<group>"; };
/* End PBXFileReference section */

/* Begin PBXFrameworksBuildPhase section */
		E934952124D34BA500560546 /* Frameworks */ = {
			isa = PBXFrameworksBuildPhase;
			buildActionMask = 2147483647;
			files = (
			);
			runOnlyForDeploymentPostprocessing = 0;
		};
		E934953F24D3573C00560546 /* Frameworks */ = {
			isa = PBXFrameworksBuildPhase;
			buildActionMask = 2147483647;
			files = (
			);
			runOnlyForDeploymentPostprocessing = 0;
		};
/* End PBXFrameworksBuildPhase section */

/* Begin PBXGroup section */
		E934951B24D34BA500560546 = {
			isa = PBXGroup;
			children = (
				E934952624D34BA500560546 /* Openly */,
				E934954324D3573C00560546 /* NotificationService */,
				E934952524D34BA500560546 /* Products */,
			);
			sourceTree = "<group>";
		};
		E934952524D34BA500560546 /* Products */ = {
			isa = PBXGroup;
			children = (
				E934952424D34BA500560546 /* Openly.app */,
				E934954224D3573C00560546 /* NotificationService.appex */,
			);
			name = Products;
			sourceTree = "<group>";
		};
		E934952624D34BA500560546 /* Openly */ = {
			isa = PBXGroup;
			children = (
				E934953B24D34BBD00560546 /* Openly.entitlements */,
				E934952724D34BA500560546 /* AppDelegate.swift */,
				E934953C24D34EE600560546 /* NotificationDelegate.swift */,
				E934952924D34BA500560546 /* SceneDelegate.swift */,
				E934952B24D34BA500560546 /* ViewController.swift */,
				E934952D24D34BA500560546 /* Main.storyboard */,
				E934953024D34BA800560546 /* Assets.xcassets */,
				E934953224D34BA800560546 /* LaunchScreen.storyboard */,
				E934953524D34BA800560546 /* Info.plist */,
			);
			path = Openly;
			sourceTree = "<group>";
		};
		E934954324D3573C00560546 /* NotificationService */ = {
			isa = PBXGroup;
			children = (
				E934954E24D3579500560546 /* NotificationService.entitlements */,
				E934954424D3573C00560546 /* NotificationService.swift */,
				E934954624D3573C00560546 /* Info.plist */,
			);
			path = NotificationService;
			sourceTree = "<group>";
		};
/* End PBXGroup section */

/* Begin PBXNativeTarget section */
		E934952324D34BA500560546 /* Openly */ = {
			isa = PBXNativeTarget;
			buildConfigurationList = E934953824D34BA800560546 /* Build configuration list for PBXNativeTarget "Openly" */;
			buildPhases = (
				E934952024D34BA500560546 /* Sources */,
				E934952124D34BA500560546 /* Frameworks */,
				E934952224D34BA500560546 /* Resources */,
				E934954D24D3573C00560546 /* Embed App Extensions */,
			);
			buildRules = (
			);
			dependencies = (
				E934954824D3573C00560546 /* PBXTargetDependency */,
			);
			name = Openly;
			productName = Openly;
			productReference = E934952424D34BA500560546 /* Openly.app */;
			productType = "com.apple.product-type.application";
		};
		E934954124D3573C00560546 /* NotificationService */ = {
			isa = PBXNativeTarget;
			buildConfigurationList = E934954A24D3573C00560546 /* Build configuration list for PBXNativeTarget "NotificationService" */;
			buildPhases = (
				E934953E24D3573C00560546 /* Sources */,
				E934953F24D3573C00560546 /* Frameworks */,
				E934954024D3573C00560546 /* Resources */,
			);
			buildRules = (
			);
			dependencies = (
			);
			name = NotificationService;
			productName = NotificationService;
			productReference = E934954224D3573C00560546 /* NotificationService.appex */;
			productType = "com.apple.product-type.app-extension";
		};
/* End PBXNativeTarget section */

/* Begin PBXProject section */
		E934951C24D34BA500560546 /* Project object */ = {
			isa = PBXProject;
			attributes = {
				LastSwiftUpdateCheck = 1200;
				LastUpgradeCheck = 1200;
				TargetAttributes = {
					E934952324D34BA500560546 = {
						CreatedOnToolsVersion = 12.0;
					};
					E934954124D3573C00560546 = {
						CreatedOnToolsVersion = 12.0;
					};
				};
			};
			buildConfigurationList = E934951F24D34BA500560546 /* Build configuration list for PBXProject "Openly" */;
			compatibilityVersion = "Xcode 9.3";
			developmentRegion = en;
			hasScannedForEncodings = 0;
			knownRegions = (
				en,
				Base,
			);
			mainGroup = E934951B24D34BA500560546;
			productRefGroup = E934952524D34BA500560546 /* Products */;
			projectDirPath = "";
			projectRoot = "";
			targets = (
				E934952324D34BA500560546 /* Openly */,
				E934954124D3573C00560546 /* NotificationService */,
			);
		};
/* End PBXProject section */

/* Begin PBXResourcesBuildPhase section */
		E934952224D34BA500560546 /* Resources */ = {
			isa = PBXResourcesBuildPhase;
			buildActionMask = 2147483647;
			files = (
				E934953424D34BA800560546 /* LaunchScreen.storyboard in Resources */,
				E934953124D34BA800560546 /* Assets.xcassets in Resources */,
				E934952F24D34BA500560546 /* Main.storyboard in Resources */,
			);
			runOnlyForDeploymentPostprocessing = 0;
		};
		E934954024D3573C00560546 /* Resources */ = {
			isa = PBXResourcesBuildPhase;
			buildActionMask = 2147483647;
			files = (
			);
			runOnlyForDeploymentPostprocessing = 0;
		};
/* End PBXResourcesBuildPhase section */

/* Begin PBXSourcesBuildPhase section */
		E934952024D34BA500560546 /* Sources */ = {
			isa = PBXSourcesBuildPhase;
			buildActionMask = 2147483647;
			files = (
				E934952C24D34BA500560546 /* ViewController.swift in Sources */,
				E934952824D34BA500560546 /* AppDelegate.swift in Sources */,
				E934952A24D34BA500560546 /* SceneDelegate.swift in Sources */,
				E934953D24D34EE600560546 /* NotificationDelegate.swift in Sources */,
			);
			runOnlyForDeploymentPostprocessing = 0;
		};
		E934953E24D3573C00560546 /* Sources */ = {
			isa = PBXSourcesBuildPhase;
			buildActionMask = 2147483647;
			files = (
				E934954524D3573C00560546 /* NotificationService.swift in Sources */,
			);
			runOnlyForDeploymentPostprocessing = 0;
		};
/* End PBXSourcesBuildPhase section */

/* Begin PBXTargetDependency section */
		E934954824D3573C00560546 /* PBXTargetDependency */ = {
			isa = PBXTargetDependency;
			target = E934954124D3573C00560546 /* NotificationService */;
			targetProxy = E934954724D3573C00560546 /* PBXContainerItemProxy */;
		};
/* End PBXTargetDependency section */

/* Begin PBXVariantGroup section */
		E934952D24D34BA500560546 /* Main.storyboard */ = {
			isa = PBXVariantGroup;
			children = (
				E934952E24D34BA500560546 /* Base */,
			);
			name = Main.storyboard;
			sourceTree = "<group>";
		};
		E934953224D34BA800560546 /* LaunchScreen.storyboard */ = {
			isa = PBXVariantGroup;
			children = (
				E934953324D34BA800560546 /* Base */,
			);
			name = LaunchScreen.storyboard;
			sourceTree = "<group>";
		};
/* End PBXVariantGroup section */

/* Begin XCBuildConfiguration section */
		E934953624D34BA800560546 /* Debug */ = {
			isa = XCBuildConfiguration;
			buildSettings = {
				ALWAYS_SEARCH_USER_PATHS = NO;
				CLANG_ANALYZER_NONNULL = YES;
				CLANG_ANALYZER_NUMBER_OBJECT_CONVERSION = YES_AGGRESSIVE;
				CLANG_CXX_LANGUAGE_STANDARD = "gnu++14";
				CLANG_CXX_LIBRARY = "libc++";
				CLANG_ENABLE_MODULES = YES;
				CLANG_ENABLE_OBJC_ARC = YES;
				CLANG_ENABLE_OBJC_WEAK = YES;
				CLANG_WARN_BLOCK_CAPTURE_AUTORELEASING = YES;
				CLANG_WARN_BOOL_CONVERSION = YES;
				CLANG_WARN_COMMA = YES;
				CLANG_WARN_CONSTANT_CONVERSION = YES;
				CLANG_WARN_DEPRECATED_OBJC_IMPLEMENTATIONS = YES;
				CLANG_WARN_DIRECT_OBJC_ISA_USAGE = YES_ERROR;
				CLANG_WARN_DOCUMENTATION_COMMENTS = YES;
				CLANG_WARN_EMPTY_BODY = YES;
				CLANG_WARN_ENUM_CONVERSION = YES;
				CLANG_WARN_INFINITE_RECURSION = YES;
				CLANG_WARN_INT_CONVERSION = YES;
				CLANG_WARN_NON_LITERAL_NULL_CONVERSION = YES;
				CLANG_WARN_OBJC_IMPLICIT_RETAIN_SELF = YES;
				CLANG_WARN_OBJC_LITERAL_CONVERSION = YES;
				CLANG_WARN_OBJC_ROOT_CLASS = YES_ERROR;
				CLANG_WARN_QUOTED_INCLUDE_IN_FRAMEWORK_HEADER = YES;
				CLANG_WARN_RANGE_LOOP_ANALYSIS = YES;
				CLANG_WARN_STRICT_PROTOTYPES = YES;
				CLANG_WARN_SUSPICIOUS_MOVE = YES;
				CLANG_WARN_UNGUARDED_AVAILABILITY = YES_AGGRESSIVE;
				CLANG_WARN_UNREACHABLE_CODE = YES;
				CLANG_WARN__DUPLICATE_METHOD_MATCH = YES;
				COPY_PHASE_STRIP = NO;
				DEBUG_INFORMATION_FORMAT = dwarf;
				ENABLE_STRICT_OBJC_MSGSEND = YES;
				ENABLE_TESTABILITY = YES;
				GCC_C_LANGUAGE_STANDARD = gnu11;
				GCC_DYNAMIC_NO_PIC = NO;
				GCC_NO_COMMON_BLOCKS = YES;
				GCC_OPTIMIZATION_LEVEL = 0;
				GCC_PREPROCESSOR_DEFINITIONS = (
					"DEBUG=1",
					"$(inherited)",
				);
				GCC_WARN_64_TO_32_BIT_CONVERSION = YES;
				GCC_WARN_ABOUT_RETURN_TYPE = YES_ERROR;
				GCC_WARN_UNDECLARED_SELECTOR = YES;
				GCC_WARN_UNINITIALIZED_AUTOS = YES_AGGRESSIVE;
				GCC_WARN_UNUSED_FUNCTION = YES;
				GCC_WARN_UNUSED_VARIABLE = YES;
				IPHONEOS_DEPLOYMENT_TARGET = 14.0;
				MTL_ENABLE_DEBUG_INFO = INCLUDE_SOURCE;
				MTL_FAST_MATH = YES;
				ONLY_ACTIVE_ARCH = YES;
				SDKROOT = iphoneos;
				SWIFT_ACTIVE_COMPILATION_CONDITIONS = DEBUG;
				SWIFT_OPTIMIZATION_LEVEL = "-Onone";
			};
			name = Debug;
		};
		E934953724D34BA800560546 /* Release */ = {
			isa = XCBuildConfiguration;
			buildSettings = {
				ALWAYS_SEARCH_USER_PATHS = NO;
				CLANG_ANALYZER_NONNULL = YES;
				CLANG_ANALYZER_NUMBER_OBJECT_CONVERSION = YES_AGGRESSIVE;
				CLANG_CXX_LANGUAGE_STANDARD = "gnu++14";
				CLANG_CXX_LIBRARY = "libc++";
				CLANG_ENABLE_MODULES = YES;
				CLANG_ENABLE_OBJC_ARC = YES;
				CLANG_ENABLE_OBJC_WEAK = YES;
				CLANG_WARN_BLOCK_CAPTURE_AUTORELEASING = YES;
				CLANG_WARN_BOOL_CONVERSION = YES;
				CLANG_WARN_COMMA = YES;
				CLANG_WARN_CONSTANT_CONVERSION = YES;
				CLANG_WARN_DEPRECATED_OBJC_IMPLEMENTATIONS = YES;
				CLANG_WARN_DIRECT_OBJC_ISA_USAGE = YES_ERROR;
				CLANG_WARN_DOCUMENTATION_COMMENTS = YES;
				CLANG_WARN_EMPTY_BODY = YES;
				CLANG_WARN_ENUM_CONVERSION = YES;
				CLANG_WARN_INFINITE_RECURSION = YES;
				CLANG_WARN_INT_CONVERSION = YES;
				CLANG_WARN_NON_LITERAL_NULL_CONVERSION = YES;
				CLANG_WARN_OBJC_IMPLICIT_RETAIN_SELF = YES;
				CLANG_WARN_OBJC_LITERAL_CONVERSION = YES;
				CLANG_WARN_OBJC_ROOT_CLASS = YES_ERROR;
				CLANG_WARN_QUOTED_INCLUDE_IN_FRAMEWORK_HEADER = YES;
				CLANG_WARN_RANGE_LOOP_ANALYSIS = YES;
				CLANG_WARN_STRICT_PROTOTYPES = YES;
				CLANG_WARN_SUSPICIOUS_MOVE = YES;
				CLANG_WARN_UNGUARDED_AVAILABILITY = YES_AGGRESSIVE;
				CLANG_WARN_UNREACHABLE_CODE = YES;
				CLANG_WARN__DUPLICATE_METHOD_MATCH = YES;
				COPY_PHASE_STRIP = NO;
				DEBUG_INFORMATION_FORMAT = "dwarf-with-dsym";
				ENABLE_NS_ASSERTIONS = NO;
				ENABLE_STRICT_OBJC_MSGSEND = YES;
				GCC_C_LANGUAGE_STANDARD = gnu11;
				GCC_NO_COMMON_BLOCKS = YES;
				GCC_WARN_64_TO_32_BIT_CONVERSION = YES;
				GCC_WARN_ABOUT_RETURN_TYPE = YES_ERROR;
				GCC_WARN_UNDECLARED_SELECTOR = YES;
				GCC_WARN_UNINITIALIZED_AUTOS = YES_AGGRESSIVE;
				GCC_WARN_UNUSED_FUNCTION = YES;
				GCC_WARN_UNUSED_VARIABLE = YES;
				IPHONEOS_DEPLOYMENT_TARGET = 14.0;
				MTL_ENABLE_DEBUG_INFO = NO;
				MTL_FAST_MATH = YES;
				SDKROOT = iphoneos;
				SWIFT_COMPILATION_MODE = wholemodule;
				SWIFT_OPTIMIZATION_LEVEL = "-O";
				VALIDATE_PRODUCT = YES;
			};
			name = Release;
		};
		E934953924D34BA800560546 /* Debug */ = {
			isa = XCBuildConfiguration;
			buildSettings = {
				ALWAYS_EMBED_SWIFT_STANDARD_LIBRARIES = YES;
				ASSETCATALOG_COMPILER_APPICON_NAME = AppIcon;
				ASSETCATALOG_COMPILER_GLOBAL_ACCENT_COLOR_NAME = AccentColor;
				CODE_SIGN_ENTITLEMENTS = Openly/Openly.entitlements;
				CODE_SIGN_STYLE = Automatic;
				DEVELOPMENT_TEAM = U87X99UU87;
				INFOPLIST_FILE = Openly/Info.plist;
				LD_RUNPATH_SEARCH_PATHS = (
					"$(inherited)",
					"@executable_path/Frameworks",
				);
				PRODUCT_BUNDLE_IDENTIFIER = com.ericgolovin.Openly;
				PRODUCT_NAME = "$(TARGET_NAME)";
				SWIFT_VERSION = 5.0;
				TARGETED_DEVICE_FAMILY = "1,2";
			};
			name = Debug;
		};
		E934953A24D34BA800560546 /* Release */ = {
			isa = XCBuildConfiguration;
			buildSettings = {
				ALWAYS_EMBED_SWIFT_STANDARD_LIBRARIES = YES;
				ASSETCATALOG_COMPILER_APPICON_NAME = AppIcon;
				ASSETCATALOG_COMPILER_GLOBAL_ACCENT_COLOR_NAME = AccentColor;
				CODE_SIGN_ENTITLEMENTS = Openly/Openly.entitlements;
				CODE_SIGN_STYLE = Automatic;
				DEVELOPMENT_TEAM = U87X99UU87;
				INFOPLIST_FILE = Openly/Info.plist;
				LD_RUNPATH_SEARCH_PATHS = (
					"$(inherited)",
					"@executable_path/Frameworks",
				);
				PRODUCT_BUNDLE_IDENTIFIER = com.ericgolovin.Openly;
				PRODUCT_NAME = "$(TARGET_NAME)";
				SWIFT_VERSION = 5.0;
				TARGETED_DEVICE_FAMILY = "1,2";
			};
			name = Release;
		};
		E934954B24D3573C00560546 /* Debug */ = {
			isa = XCBuildConfiguration;
			buildSettings = {
				CODE_SIGN_ENTITLEMENTS = NotificationService/NotificationService.entitlements;
				CODE_SIGN_STYLE = Automatic;
				DEVELOPMENT_TEAM = U87X99UU87;
				INFOPLIST_FILE = NotificationService/Info.plist;
				LD_RUNPATH_SEARCH_PATHS = (
					"$(inherited)",
					"@executable_path/Frameworks",
					"@executable_path/../../Frameworks",
				);
				PRODUCT_BUNDLE_IDENTIFIER = com.ericgolovin.Openly.NotificationService;
				PRODUCT_NAME = "$(TARGET_NAME)";
				SKIP_INSTALL = YES;
				SWIFT_VERSION = 5.0;
				TARGETED_DEVICE_FAMILY = "1,2";
			};
			name = Debug;
		};
		E934954C24D3573C00560546 /* Release */ = {
			isa = XCBuildConfiguration;
			buildSettings = {
				CODE_SIGN_ENTITLEMENTS = NotificationService/NotificationService.entitlements;
				CODE_SIGN_STYLE = Automatic;
				DEVELOPMENT_TEAM = U87X99UU87;
				INFOPLIST_FILE = NotificationService/Info.plist;
				LD_RUNPATH_SEARCH_PATHS = (
					"$(inherited)",
					"@executable_path/Frameworks",
					"@executable_path/../../Frameworks",
				);
				PRODUCT_BUNDLE_IDENTIFIER = com.ericgolovin.Openly.NotificationService;
				PRODUCT_NAME = "$(TARGET_NAME)";
				SKIP_INSTALL = YES;
				SWIFT_VERSION = 5.0;
				TARGETED_DEVICE_FAMILY = "1,2";
			};
			name = Release;
		};
/* End XCBuildConfiguration section */

/* Begin XCConfigurationList section */
		E934951F24D34BA500560546 /* Build configuration list for PBXProject "Openly" */ = {
			isa = XCConfigurationList;
			buildConfigurations = (
				E934953624D34BA800560546 /* Debug */,
				E934953724D34BA800560546 /* Release */,
			);
			defaultConfigurationIsVisible = 0;
			defaultConfigurationName = Release;
		};
		E934953824D34BA800560546 /* Build configuration list for PBXNativeTarget "Openly" */ = {
			isa = XCConfigurationList;
			buildConfigurations = (
				E934953924D34BA800560546 /* Debug */,
				E934953A24D34BA800560546 /* Release */,
			);
			defaultConfigurationIsVisible = 0;
			defaultConfigurationName = Release;
		};
		E934954A24D3573C00560546 /* Build configuration list for PBXNativeTarget "NotificationService" */ = {
			isa = XCConfigurationList;
			buildConfigurations = (
				E934954B24D3573C00560546 /* Debug */,
				E934954C24D3573C00560546 /* Release */,
			);
			defaultConfigurationIsVisible = 0;
			defaultConfigurationName = Release;
		};
/* End XCConfigurationList section */
	};
	rootObject = E934951C24D34BA500560546 /* Project object */;
}
