// !$*UTF8*$!
{
	archiveVersion = 1;
	classes = {
	};
	objectVersion = 50;
	objects = {

/* Begin PBXBuildFile section */
		E927463824C49072007216CF /* AppDelegate.swift in Sources */ = {isa = PBXBuildFile; fileRef = E927463724C49072007216CF /* AppDelegate.swift */; };
		E927463A24C49072007216CF /* SceneDelegate.swift in Sources */ = {isa = PBXBuildFile; fileRef = E927463924C49072007216CF /* SceneDelegate.swift */; };
		E927463C24C49072007216CF /* ViewController.swift in Sources */ = {isa = PBXBuildFile; fileRef = E927463B24C49072007216CF /* ViewController.swift */; };
		E927463F24C49072007216CF /* Main.storyboard in Resources */ = {isa = PBXBuildFile; fileRef = E927463D24C49072007216CF /* Main.storyboard */; };
		E927464124C49075007216CF /* Assets.xcassets in Resources */ = {isa = PBXBuildFile; fileRef = E927464024C49075007216CF /* Assets.xcassets */; };
		E927464424C49075007216CF /* LaunchScreen.storyboard in Resources */ = {isa = PBXBuildFile; fileRef = E927464224C49075007216CF /* LaunchScreen.storyboard */; };
		E927464E24C490C7007216CF /* Location.swift in Sources */ = {isa = PBXBuildFile; fileRef = E927464D24C490C7007216CF /* Location.swift */; };
		E927465024C490D2007216CF /* LocationWeather.swift in Sources */ = {isa = PBXBuildFile; fileRef = E927464F24C490D2007216CF /* LocationWeather.swift */; };
		E927465524C4934F007216CF /* APIService.swift in Sources */ = {isa = PBXBuildFile; fileRef = E927465424C4934F007216CF /* APIService.swift */; };
		E927465824C4949D007216CF /* APIService+Weather.swift in Sources */ = {isa = PBXBuildFile; fileRef = E927465724C4949D007216CF /* APIService+Weather.swift */; };
/* End PBXBuildFile section */

/* Begin PBXFileReference section */
		E927463424C49072007216CF /* WeatherApp.app */ = {isa = PBXFileReference; explicitFileType = wrapper.application; includeInIndex = 0; path = WeatherApp.app; sourceTree = BUILT_PRODUCTS_DIR; };
		E927463724C49072007216CF /* AppDelegate.swift */ = {isa = PBXFileReference; lastKnownFileType = sourcecode.swift; path = AppDelegate.swift; sourceTree = "<group>"; };
		E927463924C49072007216CF /* SceneDelegate.swift */ = {isa = PBXFileReference; lastKnownFileType = sourcecode.swift; path = SceneDelegate.swift; sourceTree = "<group>"; };
		E927463B24C49072007216CF /* ViewController.swift */ = {isa = PBXFileReference; lastKnownFileType = sourcecode.swift; path = ViewController.swift; sourceTree = "<group>"; };
		E927463E24C49072007216CF /* Base */ = {isa = PBXFileReference; lastKnownFileType = file.storyboard; name = Base; path = Base.lproj/Main.storyboard; sourceTree = "<group>"; };
		E927464024C49075007216CF /* Assets.xcassets */ = {isa = PBXFileReference; lastKnownFileType = folder.assetcatalog; path = Assets.xcassets; sourceTree = "<group>"; };
		E927464324C49075007216CF /* Base */ = {isa = PBXFileReference; lastKnownFileType = file.storyboard; name = Base; path = Base.lproj/LaunchScreen.storyboard; sourceTree = "<group>"; };
		E927464524C49075007216CF /* Info.plist */ = {isa = PBXFileReference; lastKnownFileType = text.plist.xml; path = Info.plist; sourceTree = "<group>"; };
		E927464D24C490C7007216CF /* Location.swift */ = {isa = PBXFileReference; lastKnownFileType = sourcecode.swift; path = Location.swift; sourceTree = "<group>"; };
		E927464F24C490D2007216CF /* LocationWeather.swift */ = {isa = PBXFileReference; lastKnownFileType = sourcecode.swift; path = LocationWeather.swift; sourceTree = "<group>"; };
		E927465424C4934F007216CF /* APIService.swift */ = {isa = PBXFileReference; lastKnownFileType = sourcecode.swift; path = APIService.swift; sourceTree = "<group>"; };
		E927465724C4949D007216CF /* APIService+Weather.swift */ = {isa = PBXFileReference; lastKnownFileType = sourcecode.swift; path = "APIService+Weather.swift"; sourceTree = "<group>"; };
/* End PBXFileReference section */

/* Begin PBXFrameworksBuildPhase section */
		E927463124C49072007216CF /* Frameworks */ = {
			isa = PBXFrameworksBuildPhase;
			buildActionMask = 2147483647;
			files = (
			);
			runOnlyForDeploymentPostprocessing = 0;
		};
/* End PBXFrameworksBuildPhase section */

/* Begin PBXGroup section */
		E927462B24C49072007216CF = {
			isa = PBXGroup;
			children = (
				E927463624C49072007216CF /* WeatherApp */,
				E927463524C49072007216CF /* Products */,
			);
			sourceTree = "<group>";
		};
		E927463524C49072007216CF /* Products */ = {
			isa = PBXGroup;
			children = (
				E927463424C49072007216CF /* WeatherApp.app */,
			);
			name = Products;
			sourceTree = "<group>";
		};
		E927463624C49072007216CF /* WeatherApp */ = {
			isa = PBXGroup;
			children = (
				E927465124C490DB007216CF /* Model */,
				E927465624C49355007216CF /* API */,
				E927463724C49072007216CF /* AppDelegate.swift */,
				E927463924C49072007216CF /* SceneDelegate.swift */,
				E927463B24C49072007216CF /* ViewController.swift */,
				E927463D24C49072007216CF /* Main.storyboard */,
				E927464024C49075007216CF /* Assets.xcassets */,
				E927464224C49075007216CF /* LaunchScreen.storyboard */,
				E927464524C49075007216CF /* Info.plist */,
			);
			path = WeatherApp;
			sourceTree = "<group>";
		};
		E927465124C490DB007216CF /* Model */ = {
			isa = PBXGroup;
			children = (
				E927464D24C490C7007216CF /* Location.swift */,
				E927464F24C490D2007216CF /* LocationWeather.swift */,
			);
			path = Model;
			sourceTree = "<group>";
		};
		E927465624C49355007216CF /* API */ = {
			isa = PBXGroup;
			children = (
				E927465424C4934F007216CF /* APIService.swift */,
				E927465724C4949D007216CF /* APIService+Weather.swift */,
			);
			path = API;
			sourceTree = "<group>";
		};
/* End PBXGroup section */

/* Begin PBXNativeTarget section */
		E927463324C49072007216CF /* WeatherApp */ = {
			isa = PBXNativeTarget;
			buildConfigurationList = E927464824C49075007216CF /* Build configuration list for PBXNativeTarget "WeatherApp" */;
			buildPhases = (
				E927463024C49072007216CF /* Sources */,
				E927463124C49072007216CF /* Frameworks */,
				E927463224C49072007216CF /* Resources */,
			);
			buildRules = (
			);
			dependencies = (
			);
			name = WeatherApp;
			productName = WeatherApp;
			productReference = E927463424C49072007216CF /* WeatherApp.app */;
			productType = "com.apple.product-type.application";
		};
/* End PBXNativeTarget section */

/* Begin PBXProject section */
		E927462C24C49072007216CF /* Project object */ = {
			isa = PBXProject;
			attributes = {
				LastSwiftUpdateCheck = 1160;
				LastUpgradeCheck = 1160;
				ORGANIZATIONNAME = "Eric Golovin";
				TargetAttributes = {
					E927463324C49072007216CF = {
						CreatedOnToolsVersion = 11.6;
					};
				};
			};
			buildConfigurationList = E927462F24C49072007216CF /* Build configuration list for PBXProject "WeatherApp" */;
			compatibilityVersion = "Xcode 9.3";
			developmentRegion = en;
			hasScannedForEncodings = 0;
			knownRegions = (
				en,
				Base,
			);
			mainGroup = E927462B24C49072007216CF;
			productRefGroup = E927463524C49072007216CF /* Products */;
			projectDirPath = "";
			projectRoot = "";
			targets = (
				E927463324C49072007216CF /* WeatherApp */,
			);
		};
/* End PBXProject section */

/* Begin PBXResourcesBuildPhase section */
		E927463224C49072007216CF /* Resources */ = {
			isa = PBXResourcesBuildPhase;
			buildActionMask = 2147483647;
			files = (
				E927464424C49075007216CF /* LaunchScreen.storyboard in Resources */,
				E927464124C49075007216CF /* Assets.xcassets in Resources */,
				E927463F24C49072007216CF /* Main.storyboard in Resources */,
			);
			runOnlyForDeploymentPostprocessing = 0;
		};
/* End PBXResourcesBuildPhase section */

/* Begin PBXSourcesBuildPhase section */
		E927463024C49072007216CF /* Sources */ = {
			isa = PBXSourcesBuildPhase;
			buildActionMask = 2147483647;
			files = (
				E927463C24C49072007216CF /* ViewController.swift in Sources */,
				E927465824C4949D007216CF /* APIService+Weather.swift in Sources */,
				E927463824C49072007216CF /* AppDelegate.swift in Sources */,
				E927464E24C490C7007216CF /* Location.swift in Sources */,
				E927463A24C49072007216CF /* SceneDelegate.swift in Sources */,
				E927465524C4934F007216CF /* APIService.swift in Sources */,
				E927465024C490D2007216CF /* LocationWeather.swift in Sources */,
			);
			runOnlyForDeploymentPostprocessing = 0;
		};
/* End PBXSourcesBuildPhase section */

/* Begin PBXVariantGroup section */
		E927463D24C49072007216CF /* Main.storyboard */ = {
			isa = PBXVariantGroup;
			children = (
				E927463E24C49072007216CF /* Base */,
			);
			name = Main.storyboard;
			sourceTree = "<group>";
		};
		E927464224C49075007216CF /* LaunchScreen.storyboard */ = {
			isa = PBXVariantGroup;
			children = (
				E927464324C49075007216CF /* Base */,
			);
			name = LaunchScreen.storyboard;
			sourceTree = "<group>";
		};
/* End PBXVariantGroup section */

/* Begin XCBuildConfiguration section */
		E927464624C49075007216CF /* Debug */ = {
			isa = XCBuildConfiguration;
			buildSettings = {
				ALWAYS_SEARCH_USER_PATHS = NO;
				CLANG_ANALYZER_NONNULL = YES;
				CLANG_ANALYZER_NUMBER_OBJECT_CONVERSION = YES_AGGRESSIVE;
				CLANG_CXX_LANGUAGE_STANDARD = "gnu++14";
				CLANG_CXX_LIBRARY = "libc++";
				CLANG_ENABLE_MODULES = YES;
				CLANG_ENABLE_OBJC_ARC = YES;
				CLANG_ENABLE_OBJC_WEAK = YES;
				CLANG_WARN_BLOCK_CAPTURE_AUTORELEASING = YES;
				CLANG_WARN_BOOL_CONVERSION = YES;
				CLANG_WARN_COMMA = YES;
				CLANG_WARN_CONSTANT_CONVERSION = YES;
				CLANG_WARN_DEPRECATED_OBJC_IMPLEMENTATIONS = YES;
				CLANG_WARN_DIRECT_OBJC_ISA_USAGE = YES_ERROR;
				CLANG_WARN_DOCUMENTATION_COMMENTS = YES;
				CLANG_WARN_EMPTY_BODY = YES;
				CLANG_WARN_ENUM_CONVERSION = YES;
				CLANG_WARN_INFINITE_RECURSION = YES;
				CLANG_WARN_INT_CONVERSION = YES;
				CLANG_WARN_NON_LITERAL_NULL_CONVERSION = YES;
				CLANG_WARN_OBJC_IMPLICIT_RETAIN_SELF = YES;
				CLANG_WARN_OBJC_LITERAL_CONVERSION = YES;
				CLANG_WARN_OBJC_ROOT_CLASS = YES_ERROR;
				CLANG_WARN_RANGE_LOOP_ANALYSIS = YES;
				CLANG_WARN_STRICT_PROTOTYPES = YES;
				CLANG_WARN_SUSPICIOUS_MOVE = YES;
				CLANG_WARN_UNGUARDED_AVAILABILITY = YES_AGGRESSIVE;
				CLANG_WARN_UNREACHABLE_CODE = YES;
				CLANG_WARN__DUPLICATE_METHOD_MATCH = YES;
				COPY_PHASE_STRIP = NO;
				DEBUG_INFORMATION_FORMAT = dwarf;
				ENABLE_STRICT_OBJC_MSGSEND = YES;
				ENABLE_TESTABILITY = YES;
				GCC_C_LANGUAGE_STANDARD = gnu11;
				GCC_DYNAMIC_NO_PIC = NO;
				GCC_NO_COMMON_BLOCKS = YES;
				GCC_OPTIMIZATION_LEVEL = 0;
				GCC_PREPROCESSOR_DEFINITIONS = (
					"DEBUG=1",
					"$(inherited)",
				);
				GCC_WARN_64_TO_32_BIT_CONVERSION = YES;
				GCC_WARN_ABOUT_RETURN_TYPE = YES_ERROR;
				GCC_WARN_UNDECLARED_SELECTOR = YES;
				GCC_WARN_UNINITIALIZED_AUTOS = YES_AGGRESSIVE;
				GCC_WARN_UNUSED_FUNCTION = YES;
				GCC_WARN_UNUSED_VARIABLE = YES;
				IPHONEOS_DEPLOYMENT_TARGET = 13.6;
				MTL_ENABLE_DEBUG_INFO = INCLUDE_SOURCE;
				MTL_FAST_MATH = YES;
				ONLY_ACTIVE_ARCH = YES;
				SDKROOT = iphoneos;
				SWIFT_ACTIVE_COMPILATION_CONDITIONS = DEBUG;
				SWIFT_OPTIMIZATION_LEVEL = "-Onone";
			};
			name = Debug;
		};
		E927464724C49075007216CF /* Release */ = {
			isa = XCBuildConfiguration;
			buildSettings = {
				ALWAYS_SEARCH_USER_PATHS = NO;
				CLANG_ANALYZER_NONNULL = YES;
				CLANG_ANALYZER_NUMBER_OBJECT_CONVERSION = YES_AGGRESSIVE;
				CLANG_CXX_LANGUAGE_STANDARD = "gnu++14";
				CLANG_CXX_LIBRARY = "libc++";
				CLANG_ENABLE_MODULES = YES;
				CLANG_ENABLE_OBJC_ARC = YES;
				CLANG_ENABLE_OBJC_WEAK = YES;
				CLANG_WARN_BLOCK_CAPTURE_AUTORELEASING = YES;
				CLANG_WARN_BOOL_CONVERSION = YES;
				CLANG_WARN_COMMA = YES;
				CLANG_WARN_CONSTANT_CONVERSION = YES;
				CLANG_WARN_DEPRECATED_OBJC_IMPLEMENTATIONS = YES;
				CLANG_WARN_DIRECT_OBJC_ISA_USAGE = YES_ERROR;
				CLANG_WARN_DOCUMENTATION_COMMENTS = YES;
				CLANG_WARN_EMPTY_BODY = YES;
				CLANG_WARN_ENUM_CONVERSION = YES;
				CLANG_WARN_INFINITE_RECURSION = YES;
				CLANG_WARN_INT_CONVERSION = YES;
				CLANG_WARN_NON_LITERAL_NULL_CONVERSION = YES;
				CLANG_WARN_OBJC_IMPLICIT_RETAIN_SELF = YES;
				CLANG_WARN_OBJC_LITERAL_CONVERSION = YES;
				CLANG_WARN_OBJC_ROOT_CLASS = YES_ERROR;
				CLANG_WARN_RANGE_LOOP_ANALYSIS = YES;
				CLANG_WARN_STRICT_PROTOTYPES = YES;
				CLANG_WARN_SUSPICIOUS_MOVE = YES;
				CLANG_WARN_UNGUARDED_AVAILABILITY = YES_AGGRESSIVE;
				CLANG_WARN_UNREACHABLE_CODE = YES;
				CLANG_WARN__DUPLICATE_METHOD_MATCH = YES;
				COPY_PHASE_STRIP = NO;
				DEBUG_INFORMATION_FORMAT = "dwarf-with-dsym";
				ENABLE_NS_ASSERTIONS = NO;
				ENABLE_STRICT_OBJC_MSGSEND = YES;
				GCC_C_LANGUAGE_STANDARD = gnu11;
				GCC_NO_COMMON_BLOCKS = YES;
				GCC_WARN_64_TO_32_BIT_CONVERSION = YES;
				GCC_WARN_ABOUT_RETURN_TYPE = YES_ERROR;
				GCC_WARN_UNDECLARED_SELECTOR = YES;
				GCC_WARN_UNINITIALIZED_AUTOS = YES_AGGRESSIVE;
				GCC_WARN_UNUSED_FUNCTION = YES;
				GCC_WARN_UNUSED_VARIABLE = YES;
				IPHONEOS_DEPLOYMENT_TARGET = 13.6;
				MTL_ENABLE_DEBUG_INFO = NO;
				MTL_FAST_MATH = YES;
				SDKROOT = iphoneos;
				SWIFT_COMPILATION_MODE = wholemodule;
				SWIFT_OPTIMIZATION_LEVEL = "-O";
				VALIDATE_PRODUCT = YES;
			};
			name = Release;
		};
		E927464924C49075007216CF /* Debug */ = {
			isa = XCBuildConfiguration;
			buildSettings = {
				ASSETCATALOG_COMPILER_APPICON_NAME = AppIcon;
				CODE_SIGN_STYLE = Automatic;
				DEVELOPMENT_TEAM = U87X99UU87;
				INFOPLIST_FILE = WeatherApp/Info.plist;
				LD_RUNPATH_SEARCH_PATHS = (
					"$(inherited)",
					"@executable_path/Frameworks",
				);
				PRODUCT_BUNDLE_IDENTIFIER = ericgolovin.WeatherApp;
				PRODUCT_NAME = "$(TARGET_NAME)";
				SWIFT_VERSION = 5.0;
				TARGETED_DEVICE_FAMILY = "1,2";
			};
			name = Debug;
		};
		E927464A24C49075007216CF /* Release */ = {
			isa = XCBuildConfiguration;
			buildSettings = {
				ASSETCATALOG_COMPILER_APPICON_NAME = AppIcon;
				CODE_SIGN_STYLE = Automatic;
				DEVELOPMENT_TEAM = U87X99UU87;
				INFOPLIST_FILE = WeatherApp/Info.plist;
				LD_RUNPATH_SEARCH_PATHS = (
					"$(inherited)",
					"@executable_path/Frameworks",
				);
				PRODUCT_BUNDLE_IDENTIFIER = ericgolovin.WeatherApp;
				PRODUCT_NAME = "$(TARGET_NAME)";
				SWIFT_VERSION = 5.0;
				TARGETED_DEVICE_FAMILY = "1,2";
			};
			name = Release;
		};
/* End XCBuildConfiguration section */

/* Begin XCConfigurationList section */
		E927462F24C49072007216CF /* Build configuration list for PBXProject "WeatherApp" */ = {
			isa = XCConfigurationList;
			buildConfigurations = (
				E927464624C49075007216CF /* Debug */,
				E927464724C49075007216CF /* Release */,
			);
			defaultConfigurationIsVisible = 0;
			defaultConfigurationName = Release;
		};
		E927464824C49075007216CF /* Build configuration list for PBXNativeTarget "WeatherApp" */ = {
			isa = XCConfigurationList;
			buildConfigurations = (
				E927464924C49075007216CF /* Debug */,
				E927464A24C49075007216CF /* Release */,
			);
			defaultConfigurationIsVisible = 0;
			defaultConfigurationName = Release;
		};
/* End XCConfigurationList section */
	};
	rootObject = E927462C24C49072007216CF /* Project object */;
}
