// !$*UTF8*$!
{
	archiveVersion = 1;
	classes = {
	};
	objectVersion = 50;
	objects = {

/* Begin PBXBuildFile section */
		E9F2F88624C32A9B00DA8992 /* AppDelegate.m in Sources */ = {isa = PBXBuildFile; fileRef = E9F2F88524C32A9B00DA8992 /* AppDelegate.m */; };
		E9F2F88924C32A9B00DA8992 /* SceneDelegate.m in Sources */ = {isa = PBXBuildFile; fileRef = E9F2F88824C32A9B00DA8992 /* SceneDelegate.m */; };
		E9F2F88C24C32A9B00DA8992 /* ViewController.m in Sources */ = {isa = PBXBuildFile; fileRef = E9F2F88B24C32A9B00DA8992 /* ViewController.m */; };
		E9F2F88F24C32A9B00DA8992 /* Main.storyboard in Resources */ = {isa = PBXBuildFile; fileRef = E9F2F88D24C32A9B00DA8992 /* Main.storyboard */; };
		E9F2F89124C32A9C00DA8992 /* Assets.xcassets in Resources */ = {isa = PBXBuildFile; fileRef = E9F2F89024C32A9C00DA8992 /* Assets.xcassets */; };
		E9F2F89424C32A9C00DA8992 /* LaunchScreen.storyboard in Resources */ = {isa = PBXBuildFile; fileRef = E9F2F89224C32A9C00DA8992 /* LaunchScreen.storyboard */; };
		E9F2F89724C32A9C00DA8992 /* main.m in Sources */ = {isa = PBXBuildFile; fileRef = E9F2F89624C32A9C00DA8992 /* main.m */; };
		E9F2F89F24C32CC600DA8992 /* NSMutableArray+Pyramide.m in Sources */ = {isa = PBXBuildFile; fileRef = E9F2F89E24C32CC600DA8992 /* NSMutableArray+Pyramide.m */; };
		E9F2F8B324C3459300DA8992 /* PyramideBlock.xib in Resources */ = {isa = PBXBuildFile; fileRef = E9F2F8B224C3459300DA8992 /* PyramideBlock.xib */; };
		E9F2F8B724C3460800DA8992 /* PyramideBlockView.m in Sources */ = {isa = PBXBuildFile; fileRef = E9F2F8B624C3460800DA8992 /* PyramideBlockView.m */; };
		E9F9B83924C364220065612C /* PyramideAlgorithm.m in Sources */ = {isa = PBXBuildFile; fileRef = E9F9B83824C364220065612C /* PyramideAlgorithm.m */; };
/* End PBXBuildFile section */

/* Begin PBXFileReference section */
		E9F2F88124C32A9B00DA8992 /* GoldenPyramideProblem.app */ = {isa = PBXFileReference; explicitFileType = wrapper.application; includeInIndex = 0; path = GoldenPyramideProblem.app; sourceTree = BUILT_PRODUCTS_DIR; };
		E9F2F88424C32A9B00DA8992 /* AppDelegate.h */ = {isa = PBXFileReference; lastKnownFileType = sourcecode.c.h; path = AppDelegate.h; sourceTree = "<group>"; };
		E9F2F88524C32A9B00DA8992 /* AppDelegate.m */ = {isa = PBXFileReference; lastKnownFileType = sourcecode.c.objc; path = AppDelegate.m; sourceTree = "<group>"; };
		E9F2F88724C32A9B00DA8992 /* SceneDelegate.h */ = {isa = PBXFileReference; lastKnownFileType = sourcecode.c.h; path = SceneDelegate.h; sourceTree = "<group>"; };
		E9F2F88824C32A9B00DA8992 /* SceneDelegate.m */ = {isa = PBXFileReference; lastKnownFileType = sourcecode.c.objc; path = SceneDelegate.m; sourceTree = "<group>"; };
		E9F2F88A24C32A9B00DA8992 /* ViewController.h */ = {isa = PBXFileReference; lastKnownFileType = sourcecode.c.h; path = ViewController.h; sourceTree = "<group>"; };
		E9F2F88B24C32A9B00DA8992 /* ViewController.m */ = {isa = PBXFileReference; lastKnownFileType = sourcecode.c.objc; path = ViewController.m; sourceTree = "<group>"; };
		E9F2F88E24C32A9B00DA8992 /* Base */ = {isa = PBXFileReference; lastKnownFileType = file.storyboard; name = Base; path = Base.lproj/Main.storyboard; sourceTree = "<group>"; };
		E9F2F89024C32A9C00DA8992 /* Assets.xcassets */ = {isa = PBXFileReference; lastKnownFileType = folder.assetcatalog; path = Assets.xcassets; sourceTree = "<group>"; };
		E9F2F89324C32A9C00DA8992 /* Base */ = {isa = PBXFileReference; lastKnownFileType = file.storyboard; name = Base; path = Base.lproj/LaunchScreen.storyboard; sourceTree = "<group>"; };
		E9F2F89524C32A9C00DA8992 /* Info.plist */ = {isa = PBXFileReference; lastKnownFileType = text.plist.xml; path = Info.plist; sourceTree = "<group>"; };
		E9F2F89624C32A9C00DA8992 /* main.m */ = {isa = PBXFileReference; lastKnownFileType = sourcecode.c.objc; path = main.m; sourceTree = "<group>"; };
		E9F2F89D24C32CC600DA8992 /* NSMutableArray+Pyramide.h */ = {isa = PBXFileReference; lastKnownFileType = sourcecode.c.h; path = "NSMutableArray+Pyramide.h"; sourceTree = "<group>"; };
		E9F2F89E24C32CC600DA8992 /* NSMutableArray+Pyramide.m */ = {isa = PBXFileReference; lastKnownFileType = sourcecode.c.objc; path = "NSMutableArray+Pyramide.m"; sourceTree = "<group>"; };
		E9F2F8B224C3459300DA8992 /* PyramideBlock.xib */ = {isa = PBXFileReference; lastKnownFileType = file.xib; path = PyramideBlock.xib; sourceTree = "<group>"; };
		E9F2F8B524C3460800DA8992 /* PyramideBlockView.h */ = {isa = PBXFileReference; lastKnownFileType = sourcecode.c.h; path = PyramideBlockView.h; sourceTree = "<group>"; };
		E9F2F8B624C3460800DA8992 /* PyramideBlockView.m */ = {isa = PBXFileReference; lastKnownFileType = sourcecode.c.objc; path = PyramideBlockView.m; sourceTree = "<group>"; };
		E9F9B83724C364220065612C /* PyramideAlgorithm.h */ = {isa = PBXFileReference; lastKnownFileType = sourcecode.c.h; path = PyramideAlgorithm.h; sourceTree = "<group>"; };
		E9F9B83824C364220065612C /* PyramideAlgorithm.m */ = {isa = PBXFileReference; lastKnownFileType = sourcecode.c.objc; path = PyramideAlgorithm.m; sourceTree = "<group>"; };
/* End PBXFileReference section */

/* Begin PBXFrameworksBuildPhase section */
		E9F2F87E24C32A9B00DA8992 /* Frameworks */ = {
			isa = PBXFrameworksBuildPhase;
			buildActionMask = 2147483647;
			files = (
			);
			runOnlyForDeploymentPostprocessing = 0;
		};
/* End PBXFrameworksBuildPhase section */

/* Begin PBXGroup section */
		E9F2F87824C32A9B00DA8992 = {
			isa = PBXGroup;
			children = (
				E9F2F88324C32A9B00DA8992 /* GoldenPyramideProblem */,
				E9F2F88224C32A9B00DA8992 /* Products */,
			);
			sourceTree = "<group>";
		};
		E9F2F88224C32A9B00DA8992 /* Products */ = {
			isa = PBXGroup;
			children = (
				E9F2F88124C32A9B00DA8992 /* GoldenPyramideProblem.app */,
			);
			name = Products;
			sourceTree = "<group>";
		};
		E9F2F88324C32A9B00DA8992 /* GoldenPyramideProblem */ = {
			isa = PBXGroup;
			children = (
				E9F9B83A24C364280065612C /* PyramideModel */,
				E9F2F8A024C32CCB00DA8992 /* Categories */,
				E9F2F8B424C3459900DA8992 /* PyramideComponents */,
				E9F2F88424C32A9B00DA8992 /* AppDelegate.h */,
				E9F2F88524C32A9B00DA8992 /* AppDelegate.m */,
				E9F2F88724C32A9B00DA8992 /* SceneDelegate.h */,
				E9F2F88824C32A9B00DA8992 /* SceneDelegate.m */,
				E9F2F88A24C32A9B00DA8992 /* ViewController.h */,
				E9F2F88B24C32A9B00DA8992 /* ViewController.m */,
				E9F2F88D24C32A9B00DA8992 /* Main.storyboard */,
				E9F2F89024C32A9C00DA8992 /* Assets.xcassets */,
				E9F2F89224C32A9C00DA8992 /* LaunchScreen.storyboard */,
				E9F2F89524C32A9C00DA8992 /* Info.plist */,
				E9F2F89624C32A9C00DA8992 /* main.m */,
			);
			path = GoldenPyramideProblem;
			sourceTree = "<group>";
		};
		E9F2F8A024C32CCB00DA8992 /* Categories */ = {
			isa = PBXGroup;
			children = (
				E9F2F89D24C32CC600DA8992 /* NSMutableArray+Pyramide.h */,
				E9F2F89E24C32CC600DA8992 /* NSMutableArray+Pyramide.m */,
			);
			path = Categories;
			sourceTree = "<group>";
		};
		E9F2F8B424C3459900DA8992 /* PyramideComponents */ = {
			isa = PBXGroup;
			children = (
				E9F2F8B224C3459300DA8992 /* PyramideBlock.xib */,
				E9F2F8B524C3460800DA8992 /* PyramideBlockView.h */,
				E9F2F8B624C3460800DA8992 /* PyramideBlockView.m */,
			);
			path = PyramideComponents;
			sourceTree = "<group>";
		};
		E9F9B83A24C364280065612C /* PyramideModel */ = {
			isa = PBXGroup;
			children = (
				E9F9B83724C364220065612C /* PyramideAlgorithm.h */,
				E9F9B83824C364220065612C /* PyramideAlgorithm.m */,
			);
			path = PyramideModel;
			sourceTree = "<group>";
		};
/* End PBXGroup section */

/* Begin PBXNativeTarget section */
		E9F2F88024C32A9B00DA8992 /* GoldenPyramideProblem */ = {
			isa = PBXNativeTarget;
			buildConfigurationList = E9F2F89A24C32A9C00DA8992 /* Build configuration list for PBXNativeTarget "GoldenPyramideProblem" */;
			buildPhases = (
				E9F2F87D24C32A9B00DA8992 /* Sources */,
				E9F2F87E24C32A9B00DA8992 /* Frameworks */,
				E9F2F87F24C32A9B00DA8992 /* Resources */,
			);
			buildRules = (
			);
			dependencies = (
			);
			name = GoldenPyramideProblem;
			productName = GoldenPyramideProblem;
			productReference = E9F2F88124C32A9B00DA8992 /* GoldenPyramideProblem.app */;
			productType = "com.apple.product-type.application";
		};
/* End PBXNativeTarget section */

/* Begin PBXProject section */
		E9F2F87924C32A9B00DA8992 /* Project object */ = {
			isa = PBXProject;
			attributes = {
				LastUpgradeCheck = 1160;
				ORGANIZATIONNAME = "Eric Golovin";
				TargetAttributes = {
					E9F2F88024C32A9B00DA8992 = {
						CreatedOnToolsVersion = 11.6;
					};
				};
			};
			buildConfigurationList = E9F2F87C24C32A9B00DA8992 /* Build configuration list for PBXProject "GoldenPyramideProblem" */;
			compatibilityVersion = "Xcode 9.3";
			developmentRegion = en;
			hasScannedForEncodings = 0;
			knownRegions = (
				en,
				Base,
			);
			mainGroup = E9F2F87824C32A9B00DA8992;
			productRefGroup = E9F2F88224C32A9B00DA8992 /* Products */;
			projectDirPath = "";
			projectRoot = "";
			targets = (
				E9F2F88024C32A9B00DA8992 /* GoldenPyramideProblem */,
			);
		};
/* End PBXProject section */

/* Begin PBXResourcesBuildPhase section */
		E9F2F87F24C32A9B00DA8992 /* Resources */ = {
			isa = PBXResourcesBuildPhase;
			buildActionMask = 2147483647;
			files = (
				E9F2F8B324C3459300DA8992 /* PyramideBlock.xib in Resources */,
				E9F2F89424C32A9C00DA8992 /* LaunchScreen.storyboard in Resources */,
				E9F2F89124C32A9C00DA8992 /* Assets.xcassets in Resources */,
				E9F2F88F24C32A9B00DA8992 /* Main.storyboard in Resources */,
			);
			runOnlyForDeploymentPostprocessing = 0;
		};
/* End PBXResourcesBuildPhase section */

/* Begin PBXSourcesBuildPhase section */
		E9F2F87D24C32A9B00DA8992 /* Sources */ = {
			isa = PBXSourcesBuildPhase;
			buildActionMask = 2147483647;
			files = (
				E9F2F88C24C32A9B00DA8992 /* ViewController.m in Sources */,
				E9F2F8B724C3460800DA8992 /* PyramideBlockView.m in Sources */,
				E9F2F88624C32A9B00DA8992 /* AppDelegate.m in Sources */,
				E9F2F89724C32A9C00DA8992 /* main.m in Sources */,
				E9F2F88924C32A9B00DA8992 /* SceneDelegate.m in Sources */,
				E9F9B83924C364220065612C /* PyramideAlgorithm.m in Sources */,
				E9F2F89F24C32CC600DA8992 /* NSMutableArray+Pyramide.m in Sources */,
			);
			runOnlyForDeploymentPostprocessing = 0;
		};
/* End PBXSourcesBuildPhase section */

/* Begin PBXVariantGroup section */
		E9F2F88D24C32A9B00DA8992 /* Main.storyboard */ = {
			isa = PBXVariantGroup;
			children = (
				E9F2F88E24C32A9B00DA8992 /* Base */,
			);
			name = Main.storyboard;
			sourceTree = "<group>";
		};
		E9F2F89224C32A9C00DA8992 /* LaunchScreen.storyboard */ = {
			isa = PBXVariantGroup;
			children = (
				E9F2F89324C32A9C00DA8992 /* Base */,
			);
			name = LaunchScreen.storyboard;
			sourceTree = "<group>";
		};
/* End PBXVariantGroup section */

/* Begin XCBuildConfiguration section */
		E9F2F89824C32A9C00DA8992 /* Debug */ = {
			isa = XCBuildConfiguration;
			buildSettings = {
				ALWAYS_SEARCH_USER_PATHS = NO;
				CLANG_ANALYZER_NONNULL = YES;
				CLANG_ANALYZER_NUMBER_OBJECT_CONVERSION = YES_AGGRESSIVE;
				CLANG_CXX_LANGUAGE_STANDARD = "gnu++14";
				CLANG_CXX_LIBRARY = "libc++";
				CLANG_ENABLE_MODULES = YES;
				CLANG_ENABLE_OBJC_ARC = YES;
				CLANG_ENABLE_OBJC_WEAK = YES;
				CLANG_WARN_BLOCK_CAPTURE_AUTORELEASING = YES;
				CLANG_WARN_BOOL_CONVERSION = YES;
				CLANG_WARN_COMMA = YES;
				CLANG_WARN_CONSTANT_CONVERSION = YES;
				CLANG_WARN_DEPRECATED_OBJC_IMPLEMENTATIONS = YES;
				CLANG_WARN_DIRECT_OBJC_ISA_USAGE = YES_ERROR;
				CLANG_WARN_DOCUMENTATION_COMMENTS = YES;
				CLANG_WARN_EMPTY_BODY = YES;
				CLANG_WARN_ENUM_CONVERSION = YES;
				CLANG_WARN_INFINITE_RECURSION = YES;
				CLANG_WARN_INT_CONVERSION = YES;
				CLANG_WARN_NON_LITERAL_NULL_CONVERSION = YES;
				CLANG_WARN_OBJC_IMPLICIT_RETAIN_SELF = YES;
				CLANG_WARN_OBJC_LITERAL_CONVERSION = YES;
				CLANG_WARN_OBJC_ROOT_CLASS = YES_ERROR;
				CLANG_WARN_RANGE_LOOP_ANALYSIS = YES;
				CLANG_WARN_STRICT_PROTOTYPES = YES;
				CLANG_WARN_SUSPICIOUS_MOVE = YES;
				CLANG_WARN_UNGUARDED_AVAILABILITY = YES_AGGRESSIVE;
				CLANG_WARN_UNREACHABLE_CODE = YES;
				CLANG_WARN__DUPLICATE_METHOD_MATCH = YES;
				COPY_PHASE_STRIP = NO;
				DEBUG_INFORMATION_FORMAT = dwarf;
				ENABLE_STRICT_OBJC_MSGSEND = YES;
				ENABLE_TESTABILITY = YES;
				GCC_C_LANGUAGE_STANDARD = gnu11;
				GCC_DYNAMIC_NO_PIC = NO;
				GCC_NO_COMMON_BLOCKS = YES;
				GCC_OPTIMIZATION_LEVEL = 0;
				GCC_PREPROCESSOR_DEFINITIONS = (
					"DEBUG=1",
					"$(inherited)",
				);
				GCC_WARN_64_TO_32_BIT_CONVERSION = YES;
				GCC_WARN_ABOUT_RETURN_TYPE = YES_ERROR;
				GCC_WARN_UNDECLARED_SELECTOR = YES;
				GCC_WARN_UNINITIALIZED_AUTOS = YES_AGGRESSIVE;
				GCC_WARN_UNUSED_FUNCTION = YES;
				GCC_WARN_UNUSED_VARIABLE = YES;
				IPHONEOS_DEPLOYMENT_TARGET = 13.0;
				MTL_ENABLE_DEBUG_INFO = INCLUDE_SOURCE;
				MTL_FAST_MATH = YES;
				ONLY_ACTIVE_ARCH = YES;
				SDKROOT = iphoneos;
			};
			name = Debug;
		};
		E9F2F89924C32A9C00DA8992 /* Release */ = {
			isa = XCBuildConfiguration;
			buildSettings = {
				ALWAYS_SEARCH_USER_PATHS = NO;
				CLANG_ANALYZER_NONNULL = YES;
				CLANG_ANALYZER_NUMBER_OBJECT_CONVERSION = YES_AGGRESSIVE;
				CLANG_CXX_LANGUAGE_STANDARD = "gnu++14";
				CLANG_CXX_LIBRARY = "libc++";
				CLANG_ENABLE_MODULES = YES;
				CLANG_ENABLE_OBJC_ARC = YES;
				CLANG_ENABLE_OBJC_WEAK = YES;
				CLANG_WARN_BLOCK_CAPTURE_AUTORELEASING = YES;
				CLANG_WARN_BOOL_CONVERSION = YES;
				CLANG_WARN_COMMA = YES;
				CLANG_WARN_CONSTANT_CONVERSION = YES;
				CLANG_WARN_DEPRECATED_OBJC_IMPLEMENTATIONS = YES;
				CLANG_WARN_DIRECT_OBJC_ISA_USAGE = YES_ERROR;
				CLANG_WARN_DOCUMENTATION_COMMENTS = YES;
				CLANG_WARN_EMPTY_BODY = YES;
				CLANG_WARN_ENUM_CONVERSION = YES;
				CLANG_WARN_INFINITE_RECURSION = YES;
				CLANG_WARN_INT_CONVERSION = YES;
				CLANG_WARN_NON_LITERAL_NULL_CONVERSION = YES;
				CLANG_WARN_OBJC_IMPLICIT_RETAIN_SELF = YES;
				CLANG_WARN_OBJC_LITERAL_CONVERSION = YES;
				CLANG_WARN_OBJC_ROOT_CLASS = YES_ERROR;
				CLANG_WARN_RANGE_LOOP_ANALYSIS = YES;
				CLANG_WARN_STRICT_PROTOTYPES = YES;
				CLANG_WARN_SUSPICIOUS_MOVE = YES;
				CLANG_WARN_UNGUARDED_AVAILABILITY = YES_AGGRESSIVE;
				CLANG_WARN_UNREACHABLE_CODE = YES;
				CLANG_WARN__DUPLICATE_METHOD_MATCH = YES;
				COPY_PHASE_STRIP = NO;
				DEBUG_INFORMATION_FORMAT = "dwarf-with-dsym";
				ENABLE_NS_ASSERTIONS = NO;
				ENABLE_STRICT_OBJC_MSGSEND = YES;
				GCC_C_LANGUAGE_STANDARD = gnu11;
				GCC_NO_COMMON_BLOCKS = YES;
				GCC_WARN_64_TO_32_BIT_CONVERSION = YES;
				GCC_WARN_ABOUT_RETURN_TYPE = YES_ERROR;
				GCC_WARN_UNDECLARED_SELECTOR = YES;
				GCC_WARN_UNINITIALIZED_AUTOS = YES_AGGRESSIVE;
				GCC_WARN_UNUSED_FUNCTION = YES;
				GCC_WARN_UNUSED_VARIABLE = YES;
				IPHONEOS_DEPLOYMENT_TARGET = 13.0;
				MTL_ENABLE_DEBUG_INFO = NO;
				MTL_FAST_MATH = YES;
				SDKROOT = iphoneos;
				VALIDATE_PRODUCT = YES;
			};
			name = Release;
		};
		E9F2F89B24C32A9C00DA8992 /* Debug */ = {
			isa = XCBuildConfiguration;
			buildSettings = {
				ASSETCATALOG_COMPILER_APPICON_NAME = AppIcon;
				CODE_SIGN_STYLE = Automatic;
				DEVELOPMENT_TEAM = U87X99UU87;
				INFOPLIST_FILE = GoldenPyramideProblem/Info.plist;
				LD_RUNPATH_SEARCH_PATHS = (
					"$(inherited)",
					"@executable_path/Frameworks",
				);
				PRODUCT_BUNDLE_IDENTIFIER = ericgolovin.GoldenPyramideProblem;
				PRODUCT_NAME = "$(TARGET_NAME)";
				TARGETED_DEVICE_FAMILY = "1,2";
			};
			name = Debug;
		};
		E9F2F89C24C32A9C00DA8992 /* Release */ = {
			isa = XCBuildConfiguration;
			buildSettings = {
				ASSETCATALOG_COMPILER_APPICON_NAME = AppIcon;
				CODE_SIGN_STYLE = Automatic;
				DEVELOPMENT_TEAM = U87X99UU87;
				INFOPLIST_FILE = GoldenPyramideProblem/Info.plist;
				LD_RUNPATH_SEARCH_PATHS = (
					"$(inherited)",
					"@executable_path/Frameworks",
				);
				PRODUCT_BUNDLE_IDENTIFIER = ericgolovin.GoldenPyramideProblem;
				PRODUCT_NAME = "$(TARGET_NAME)";
				TARGETED_DEVICE_FAMILY = "1,2";
			};
			name = Release;
		};
/* End XCBuildConfiguration section */

/* Begin XCConfigurationList section */
		E9F2F87C24C32A9B00DA8992 /* Build configuration list for PBXProject "GoldenPyramideProblem" */ = {
			isa = XCConfigurationList;
			buildConfigurations = (
				E9F2F89824C32A9C00DA8992 /* Debug */,
				E9F2F89924C32A9C00DA8992 /* Release */,
			);
			defaultConfigurationIsVisible = 0;
			defaultConfigurationName = Release;
		};
		E9F2F89A24C32A9C00DA8992 /* Build configuration list for PBXNativeTarget "GoldenPyramideProblem" */ = {
			isa = XCConfigurationList;
			buildConfigurations = (
				E9F2F89B24C32A9C00DA8992 /* Debug */,
				E9F2F89C24C32A9C00DA8992 /* Release */,
			);
			defaultConfigurationIsVisible = 0;
			defaultConfigurationName = Release;
		};
/* End XCConfigurationList section */
	};
	rootObject = E9F2F87924C32A9B00DA8992 /* Project object */;
}
